
Microsoft Visual Studio Solution File, Format Version 12.00
# Visual Studio Version 16
VisualStudioVersion = 16.0.31624.102
MinimumVisualStudioVersion = 10.0.40219.1
Project("{FAE04EC0-301F-11D3-BF4B-00C04F79EFBC}") = "CarApp", "CarApp\CarApp.csproj", "{238BE8A1-4CA6-4C13-8BB9-84E8258D80EB}"
EndProject
Global
	GlobalSection(SolutionConfigurationPlatforms) = preSolution
		Debug|Any CPU = Debug|Any CPU
		Release|Any CPU = Release|Any CPU
	EndGlobalSection
	GlobalSection(ProjectConfigurationPlatforms) = postSolution
		{238BE8A1-4CA6-4C13-8BB9-84E8258D80EB}.Debug|Any CPU.ActiveCfg = Debug|Any CPU
		{238BE8A1-4CA6-4C13-8BB9-84E8258D80EB}.Debug|Any CPU.Build.0 = Debug|Any CPU
		{238BE8A1-4CA6-4C13-8BB9-84E8258D80EB}.Release|Any CPU.ActiveCfg = Release|Any CPU
		{238BE8A1-4CA6-4C13-8BB9-84E8258D80EB}.Release|Any CPU.Build.0 = Release|Any CPU
	EndGlobalSection
	GlobalSection(SolutionProperties) = preSolution
		HideSolutionNode = FALSE
	EndGlobalSection
	GlobalSection(ExtensibilityGlobals) = postSolution
		SolutionGuid = {B501609C-91E6-4CED-B3D9-5DCFB18DE003}
	EndGlobalSection
EndGlobal
