
Microsoft Visual Studio Solution File, Format Version 12.00
# Visual Studio Version 16
VisualStudioVersion = 16.0.31515.178
MinimumVisualStudioVersion = 10.0.40219.1
Project("{FAE04EC0-301F-11D3-BF4B-00C04F79EFBC}") = "ef_intro_code_first", "ef_intro_code_first.csproj", "{3E803C3F-7EA6-4F6F-A520-C34A8E03F10E}"
EndProject
Global
	GlobalSection(SolutionConfigurationPlatforms) = preSolution
		Debug|Any CPU = Debug|Any CPU
		Release|Any CPU = Release|Any CPU
	EndGlobalSection
	GlobalSection(ProjectConfigurationPlatforms) = postSolution
		{3E803C3F-7EA6-4F6F-A520-C34A8E03F10E}.Debug|Any CPU.ActiveCfg = Debug|Any CPU
		{3E803C3F-7EA6-4F6F-A520-C34A8E03F10E}.Debug|Any CPU.Build.0 = Debug|Any CPU
		{3E803C3F-7EA6-4F6F-A520-C34A8E03F10E}.Release|Any CPU.ActiveCfg = Release|Any CPU
		{3E803C3F-7EA6-4F6F-A520-C34A8E03F10E}.Release|Any CPU.Build.0 = Release|Any CPU
	EndGlobalSection
	GlobalSection(SolutionProperties) = preSolution
		HideSolutionNode = FALSE
	EndGlobalSection
	GlobalSection(ExtensibilityGlobals) = postSolution
		SolutionGuid = {E77BF61B-4BEE-4203-A36D-90F106A87B7A}
	EndGlobalSection
EndGlobal
