
Microsoft Visual Studio Solution File, Format Version 12.00
# Visual Studio Version 16
VisualStudioVersion = 16.0.31727.386
MinimumVisualStudioVersion = 10.0.40219.1
Project("{FAE04EC0-301F-11D3-BF4B-00C04F79EFBC}") = "EvnWithAngular", "EvnWithAngular\EvnWithAngular.csproj", "{2B7782C6-B4F9-45FD-9B17-E4796A4325C3}"
EndProject
Global
	GlobalSection(SolutionConfigurationPlatforms) = preSolution
		Debug|Any CPU = Debug|Any CPU
		Release|Any CPU = Release|Any CPU
	EndGlobalSection
	GlobalSection(ProjectConfigurationPlatforms) = postSolution
		{2B7782C6-B4F9-45FD-9B17-E4796A4325C3}.Debug|Any CPU.ActiveCfg = Debug|Any CPU
		{2B7782C6-B4F9-45FD-9B17-E4796A4325C3}.Debug|Any CPU.Build.0 = Debug|Any CPU
		{2B7782C6-B4F9-45FD-9B17-E4796A4325C3}.Release|Any CPU.ActiveCfg = Release|Any CPU
		{2B7782C6-B4F9-45FD-9B17-E4796A4325C3}.Release|Any CPU.Build.0 = Release|Any CPU
	EndGlobalSection
	GlobalSection(SolutionProperties) = preSolution
		HideSolutionNode = FALSE
	EndGlobalSection
	GlobalSection(ExtensibilityGlobals) = postSolution
		SolutionGuid = {1F9D0D6B-BCB8-42DF-8D07-3DA50DDAA799}
	EndGlobalSection
EndGlobal
