
Microsoft Visual Studio Solution File, Format Version 12.00
# Visual Studio Version 16
VisualStudioVersion = 16.0.31515.178
MinimumVisualStudioVersion = 10.0.40219.1
Project("{FAE04EC0-301F-11D3-BF4B-00C04F79EFBC}") = "List", "List.csproj", "{9C298BCE-FCEC-4F22-AB7B-C4110BB804FC}"
EndProject
Global
	GlobalSection(SolutionConfigurationPlatforms) = preSolution
		Debug|Any CPU = Debug|Any CPU
		Release|Any CPU = Release|Any CPU
	EndGlobalSection
	GlobalSection(ProjectConfigurationPlatforms) = postSolution
		{9C298BCE-FCEC-4F22-AB7B-C4110BB804FC}.Debug|Any CPU.ActiveCfg = Debug|Any CPU
		{9C298BCE-FCEC-4F22-AB7B-C4110BB804FC}.Debug|Any CPU.Build.0 = Debug|Any CPU
		{9C298BCE-FCEC-4F22-AB7B-C4110BB804FC}.Release|Any CPU.ActiveCfg = Release|Any CPU
		{9C298BCE-FCEC-4F22-AB7B-C4110BB804FC}.Release|Any CPU.Build.0 = Release|Any CPU
	EndGlobalSection
	GlobalSection(SolutionProperties) = preSolution
		HideSolutionNode = FALSE
	EndGlobalSection
	GlobalSection(ExtensibilityGlobals) = postSolution
		SolutionGuid = {88083F37-9596-4EF8-9CDF-0C2157020970}
	EndGlobalSection
EndGlobal
