
Microsoft Visual Studio Solution File, Format Version 12.00
# Visual Studio Version 16
VisualStudioVersion = 16.0.31624.102
MinimumVisualStudioVersion = 10.0.40219.1
Project("{FAE04EC0-301F-11D3-BF4B-00C04F79EFBC}") = "Demo_Server", "Demo_Server\Demo_Server.csproj", "{4F2158F0-FF7A-4244-82F8-29D80755AC50}"
EndProject
Global
	GlobalSection(SolutionConfigurationPlatforms) = preSolution
		Debug|Any CPU = Debug|Any CPU
		Release|Any CPU = Release|Any CPU
	EndGlobalSection
	GlobalSection(ProjectConfigurationPlatforms) = postSolution
		{4F2158F0-FF7A-4244-82F8-29D80755AC50}.Debug|Any CPU.ActiveCfg = Debug|Any CPU
		{4F2158F0-FF7A-4244-82F8-29D80755AC50}.Debug|Any CPU.Build.0 = Debug|Any CPU
		{4F2158F0-FF7A-4244-82F8-29D80755AC50}.Release|Any CPU.ActiveCfg = Release|Any CPU
		{4F2158F0-FF7A-4244-82F8-29D80755AC50}.Release|Any CPU.Build.0 = Release|Any CPU
	EndGlobalSection
	GlobalSection(SolutionProperties) = preSolution
		HideSolutionNode = FALSE
	EndGlobalSection
	GlobalSection(ExtensibilityGlobals) = postSolution
		SolutionGuid = {6632C0EC-0089-4A5E-B3F1-92F1FB4BDB5F}
	EndGlobalSection
EndGlobal
