
Microsoft Visual Studio Solution File, Format Version 12.00
# Visual Studio Version 16
VisualStudioVersion = 16.0.31515.178
MinimumVisualStudioVersion = 10.0.40219.1
Project("{FAE04EC0-301F-11D3-BF4B-00C04F79EFBC}") = "Set and Dictionaries", "Set and Dictionaries\Set and Dictionaries.csproj", "{6A1B1691-4952-481C-9A94-D309FDDAD248}"
EndProject
Project("{FAE04EC0-301F-11D3-BF4B-00C04F79EFBC}") = "Average Student Grades", "Average Student Grades\Average Student Grades.csproj", "{50E986B5-852F-4214-B4B0-C59428855F5B}"
EndProject
Project("{FAE04EC0-301F-11D3-BF4B-00C04F79EFBC}") = "Product Shop", "Product Shop\Product Shop.csproj", "{54565727-E2D9-459C-80EF-922718A34CD5}"
EndProject
Project("{FAE04EC0-301F-11D3-BF4B-00C04F79EFBC}") = "Cities by Continent and Country", "Cities by Continent and Country\Cities by Continent and Country.csproj", "{4C9D272C-8535-4B75-B09A-E9EE76E8C376}"
EndProject
Project("{FAE04EC0-301F-11D3-BF4B-00C04F79EFBC}") = "Record Unique Names", "Record Unique Names\Record Unique Names.csproj", "{B01571EA-871B-45DF-BB15-98A4DB23606C}"
EndProject
Project("{FAE04EC0-301F-11D3-BF4B-00C04F79EFBC}") = "Parking Lot", "Parking Lot\Parking Lot.csproj", "{F6255780-5379-453A-9BD6-02C4049D2DC8}"
EndProject
Project("{FAE04EC0-301F-11D3-BF4B-00C04F79EFBC}") = "SoftUni Party", "SoftUni Party\SoftUni Party.csproj", "{1CE669A1-D31D-4E58-81EE-05DA2E2ED948}"
EndProject
Global
	GlobalSection(SolutionConfigurationPlatforms) = preSolution
		Debug|Any CPU = Debug|Any CPU
		Release|Any CPU = Release|Any CPU
	EndGlobalSection
	GlobalSection(ProjectConfigurationPlatforms) = postSolution
		{6A1B1691-4952-481C-9A94-D309FDDAD248}.Debug|Any CPU.ActiveCfg = Debug|Any CPU
		{6A1B1691-4952-481C-9A94-D309FDDAD248}.Debug|Any CPU.Build.0 = Debug|Any CPU
		{6A1B1691-4952-481C-9A94-D309FDDAD248}.Release|Any CPU.ActiveCfg = Release|Any CPU
		{6A1B1691-4952-481C-9A94-D309FDDAD248}.Release|Any CPU.Build.0 = Release|Any CPU
		{50E986B5-852F-4214-B4B0-C59428855F5B}.Debug|Any CPU.ActiveCfg = Debug|Any CPU
		{50E986B5-852F-4214-B4B0-C59428855F5B}.Debug|Any CPU.Build.0 = Debug|Any CPU
		{50E986B5-852F-4214-B4B0-C59428855F5B}.Release|Any CPU.ActiveCfg = Release|Any CPU
		{50E986B5-852F-4214-B4B0-C59428855F5B}.Release|Any CPU.Build.0 = Release|Any CPU
		{54565727-E2D9-459C-80EF-922718A34CD5}.Debug|Any CPU.ActiveCfg = Debug|Any CPU
		{54565727-E2D9-459C-80EF-922718A34CD5}.Debug|Any CPU.Build.0 = Debug|Any CPU
		{54565727-E2D9-459C-80EF-922718A34CD5}.Release|Any CPU.ActiveCfg = Release|Any CPU
		{54565727-E2D9-459C-80EF-922718A34CD5}.Release|Any CPU.Build.0 = Release|Any CPU
		{4C9D272C-8535-4B75-B09A-E9EE76E8C376}.Debug|Any CPU.ActiveCfg = Debug|Any CPU
		{4C9D272C-8535-4B75-B09A-E9EE76E8C376}.Debug|Any CPU.Build.0 = Debug|Any CPU
		{4C9D272C-8535-4B75-B09A-E9EE76E8C376}.Release|Any CPU.ActiveCfg = Release|Any CPU
		{4C9D272C-8535-4B75-B09A-E9EE76E8C376}.Release|Any CPU.Build.0 = Release|Any CPU
		{B01571EA-871B-45DF-BB15-98A4DB23606C}.Debug|Any CPU.ActiveCfg = Debug|Any CPU
		{B01571EA-871B-45DF-BB15-98A4DB23606C}.Debug|Any CPU.Build.0 = Debug|Any CPU
		{B01571EA-871B-45DF-BB15-98A4DB23606C}.Release|Any CPU.ActiveCfg = Release|Any CPU
		{B01571EA-871B-45DF-BB15-98A4DB23606C}.Release|Any CPU.Build.0 = Release|Any CPU
		{F6255780-5379-453A-9BD6-02C4049D2DC8}.Debug|Any CPU.ActiveCfg = Debug|Any CPU
		{F6255780-5379-453A-9BD6-02C4049D2DC8}.Debug|Any CPU.Build.0 = Debug|Any CPU
		{F6255780-5379-453A-9BD6-02C4049D2DC8}.Release|Any CPU.ActiveCfg = Release|Any CPU
		{F6255780-5379-453A-9BD6-02C4049D2DC8}.Release|Any CPU.Build.0 = Release|Any CPU
		{1CE669A1-D31D-4E58-81EE-05DA2E2ED948}.Debug|Any CPU.ActiveCfg = Debug|Any CPU
		{1CE669A1-D31D-4E58-81EE-05DA2E2ED948}.Debug|Any CPU.Build.0 = Debug|Any CPU
		{1CE669A1-D31D-4E58-81EE-05DA2E2ED948}.Release|Any CPU.ActiveCfg = Release|Any CPU
		{1CE669A1-D31D-4E58-81EE-05DA2E2ED948}.Release|Any CPU.Build.0 = Release|Any CPU
	EndGlobalSection
	GlobalSection(SolutionProperties) = preSolution
		HideSolutionNode = FALSE
	EndGlobalSection
	GlobalSection(ExtensibilityGlobals) = postSolution
		SolutionGuid = {994F8195-291E-4801-AC95-29396661B612}
	EndGlobalSection
EndGlobal
