
Microsoft Visual Studio Solution File, Format Version 12.00
# Visual Studio Version 16
VisualStudioVersion = 16.0.31624.102
MinimumVisualStudioVersion = 10.0.40219.1
Project("{FAE04EC0-301F-11D3-BF4B-00C04F79EFBC}") = "sell-or-buy", "sell-or-buy\sell-or-buy.csproj", "{F84CF5FF-1A4E-4D4F-A6CE-B3913D14A592}"
EndProject
Global
	GlobalSection(SolutionConfigurationPlatforms) = preSolution
		Debug|Any CPU = Debug|Any CPU
		Release|Any CPU = Release|Any CPU
	EndGlobalSection
	GlobalSection(ProjectConfigurationPlatforms) = postSolution
		{F84CF5FF-1A4E-4D4F-A6CE-B3913D14A592}.Debug|Any CPU.ActiveCfg = Debug|Any CPU
		{F84CF5FF-1A4E-4D4F-A6CE-B3913D14A592}.Debug|Any CPU.Build.0 = Debug|Any CPU
		{F84CF5FF-1A4E-4D4F-A6CE-B3913D14A592}.Release|Any CPU.ActiveCfg = Release|Any CPU
		{F84CF5FF-1A4E-4D4F-A6CE-B3913D14A592}.Release|Any CPU.Build.0 = Release|Any CPU
	EndGlobalSection
	GlobalSection(SolutionProperties) = preSolution
		HideSolutionNode = FALSE
	EndGlobalSection
	GlobalSection(ExtensibilityGlobals) = postSolution
		SolutionGuid = {3F3B69FF-922D-4ADE-A2C4-431F60BF5EED}
	EndGlobalSection
EndGlobal
