
Microsoft Visual Studio Solution File, Format Version 12.00
# Visual Studio Version 16
VisualStudioVersion = 16.0.31515.178
MinimumVisualStudioVersion = 10.0.40219.1
Project("{9A19103F-16F7-4668-BE54-9A1E7A4F7556}") = "Models", "Models\Models.csproj", "{C576FAA8-124A-40C0-A2C9-82FDCE566F5F}"
EndProject
Project("{9A19103F-16F7-4668-BE54-9A1E7A4F7556}") = "Data", "Data\Data.csproj", "{5DE401F2-CF8D-4BAB-86AB-B7204F74A7EE}"
EndProject
Project("{9A19103F-16F7-4668-BE54-9A1E7A4F7556}") = "Run", "Run\Run.csproj", "{16986ED4-0225-4666-99D8-E39DAC9CAF95}"
EndProject
Project("{9A19103F-16F7-4668-BE54-9A1E7A4F7556}") = "Services", "Services\Services.csproj", "{BD6D3E8F-4B16-4D77-9504-08C95AB649C9}"
EndProject
Project("{FAE04EC0-301F-11D3-BF4B-00C04F79EFBC}") = "Resourses", "Resourses\Resourses.csproj", "{E4C755EC-E099-4D67-B289-C6CC671FF1E6}"
EndProject
Global
	GlobalSection(SolutionConfigurationPlatforms) = preSolution
		Debug|Any CPU = Debug|Any CPU
		Release|Any CPU = Release|Any CPU
	EndGlobalSection
	GlobalSection(ProjectConfigurationPlatforms) = postSolution
		{C576FAA8-124A-40C0-A2C9-82FDCE566F5F}.Debug|Any CPU.ActiveCfg = Debug|Any CPU
		{C576FAA8-124A-40C0-A2C9-82FDCE566F5F}.Debug|Any CPU.Build.0 = Debug|Any CPU
		{C576FAA8-124A-40C0-A2C9-82FDCE566F5F}.Release|Any CPU.ActiveCfg = Release|Any CPU
		{C576FAA8-124A-40C0-A2C9-82FDCE566F5F}.Release|Any CPU.Build.0 = Release|Any CPU
		{5DE401F2-CF8D-4BAB-86AB-B7204F74A7EE}.Debug|Any CPU.ActiveCfg = Debug|Any CPU
		{5DE401F2-CF8D-4BAB-86AB-B7204F74A7EE}.Debug|Any CPU.Build.0 = Debug|Any CPU
		{5DE401F2-CF8D-4BAB-86AB-B7204F74A7EE}.Release|Any CPU.ActiveCfg = Release|Any CPU
		{5DE401F2-CF8D-4BAB-86AB-B7204F74A7EE}.Release|Any CPU.Build.0 = Release|Any CPU
		{16986ED4-0225-4666-99D8-E39DAC9CAF95}.Debug|Any CPU.ActiveCfg = Debug|Any CPU
		{16986ED4-0225-4666-99D8-E39DAC9CAF95}.Debug|Any CPU.Build.0 = Debug|Any CPU
		{16986ED4-0225-4666-99D8-E39DAC9CAF95}.Release|Any CPU.ActiveCfg = Release|Any CPU
		{16986ED4-0225-4666-99D8-E39DAC9CAF95}.Release|Any CPU.Build.0 = Release|Any CPU
		{BD6D3E8F-4B16-4D77-9504-08C95AB649C9}.Debug|Any CPU.ActiveCfg = Debug|Any CPU
		{BD6D3E8F-4B16-4D77-9504-08C95AB649C9}.Debug|Any CPU.Build.0 = Debug|Any CPU
		{BD6D3E8F-4B16-4D77-9504-08C95AB649C9}.Release|Any CPU.ActiveCfg = Release|Any CPU
		{BD6D3E8F-4B16-4D77-9504-08C95AB649C9}.Release|Any CPU.Build.0 = Release|Any CPU
		{E4C755EC-E099-4D67-B289-C6CC671FF1E6}.Debug|Any CPU.ActiveCfg = Debug|Any CPU
		{E4C755EC-E099-4D67-B289-C6CC671FF1E6}.Debug|Any CPU.Build.0 = Debug|Any CPU
		{E4C755EC-E099-4D67-B289-C6CC671FF1E6}.Release|Any CPU.ActiveCfg = Release|Any CPU
		{E4C755EC-E099-4D67-B289-C6CC671FF1E6}.Release|Any CPU.Build.0 = Release|Any CPU
	EndGlobalSection
	GlobalSection(SolutionProperties) = preSolution
		HideSolutionNode = FALSE
	EndGlobalSection
	GlobalSection(ExtensibilityGlobals) = postSolution
		SolutionGuid = {E74E3623-26DD-44E5-A449-055C971AF76B}
	EndGlobalSection
EndGlobal
