
Microsoft Visual Studio Solution File, Format Version 12.00
# Visual Studio Version 16
VisualStudioVersion = 16.0.31515.178
MinimumVisualStudioVersion = 10.0.40219.1
Project("{FAE04EC0-301F-11D3-BF4B-00C04F79EFBC}") = "efIntroDemo01", "efIntroDemo01.csproj", "{216A755E-5A1D-4BA7-8737-EA56A30E3663}"
EndProject
Global
	GlobalSection(SolutionConfigurationPlatforms) = preSolution
		Debug|Any CPU = Debug|Any CPU
		Release|Any CPU = Release|Any CPU
	EndGlobalSection
	GlobalSection(ProjectConfigurationPlatforms) = postSolution
		{216A755E-5A1D-4BA7-8737-EA56A30E3663}.Debug|Any CPU.ActiveCfg = Debug|Any CPU
		{216A755E-5A1D-4BA7-8737-EA56A30E3663}.Debug|Any CPU.Build.0 = Debug|Any CPU
		{216A755E-5A1D-4BA7-8737-EA56A30E3663}.Release|Any CPU.ActiveCfg = Release|Any CPU
		{216A755E-5A1D-4BA7-8737-EA56A30E3663}.Release|Any CPU.Build.0 = Release|Any CPU
	EndGlobalSection
	GlobalSection(SolutionProperties) = preSolution
		HideSolutionNode = FALSE
	EndGlobalSection
	GlobalSection(ExtensibilityGlobals) = postSolution
		SolutionGuid = {09B16C5E-49A9-4FF8-8BEF-74688B5A7A5D}
	EndGlobalSection
EndGlobal
